github.com/nodejh/hugo-theme-mini v0.0.0-20231219060119-7089c3e9368d h1:zCZqxMCI8RMRkg1NGoYF5VPPNVi63dKAKj13JrKXkjs=
github.com/nodejh/hugo-theme-mini v0.0.0-20231219060119-7089c3e9368d/go.mod h1:+Rl6qKesH3DeBOjXcmPXB1L/LwD3RqXzopTzon/jv5Q=
github.com/roopeshvs/hugo-theme-mini v0.0.0-20240301213139-2aa520a83b89 h1:d0vdKH4c1k72Y+ugEmY0tOXt/mE2jT/fV5kBcrfNioc=
github.com/roopeshvs/hugo-theme-mini v0.0.0-20240301213139-2aa520a83b89/go.mod h1:00UcoHuz9ZS2FVbwJTu72CpznU7suei2I+IayfI9ASM=
github.com/roopeshvs/hugo-theme-mini v0.0.0-20240301214115-84401e0f9178 h1:unJH8Sa9E5vSsTLZm3dSbEgd6vcbAz0t47QUnmlQ05I=
github.com/roopeshvs/hugo-theme-mini v0.0.0-20240301214115-84401e0f9178/go.mod h1:00UcoHuz9ZS2FVbwJTu72CpznU7suei2I+IayfI9ASM=
